
Microsoft Visual Studio Solution File, Format Version 12.00
# Visual Studio Version 17
VisualStudioVersion = 17.9.34728.123
MinimumVisualStudioVersion = 10.0.40219.1
Project("{FAE04EC0-301F-11D3-BF4B-00C04F79EFBC}") = "parImparUltimos", "parImparUltimos\parImparUltimos.csproj", "{366BD4C7-6016-4F2F-BF4C-858ED7874DC2}"
EndProject
Global
	GlobalSection(SolutionConfigurationPlatforms) = preSolution
		Debug|Any CPU = Debug|Any CPU
		Release|Any CPU = Release|Any CPU
	EndGlobalSection
	GlobalSection(ProjectConfigurationPlatforms) = postSolution
		{366BD4C7-6016-4F2F-BF4C-858ED7874DC2}.Debug|Any CPU.ActiveCfg = Debug|Any CPU
		{366BD4C7-6016-4F2F-BF4C-858ED7874DC2}.Debug|Any CPU.Build.0 = Debug|Any CPU
		{366BD4C7-6016-4F2F-BF4C-858ED7874DC2}.Release|Any CPU.ActiveCfg = Release|Any CPU
		{366BD4C7-6016-4F2F-BF4C-858ED7874DC2}.Release|Any CPU.Build.0 = Release|Any CPU
	EndGlobalSection
	GlobalSection(SolutionProperties) = preSolution
		HideSolutionNode = FALSE
	EndGlobalSection
	GlobalSection(ExtensibilityGlobals) = postSolution
		SolutionGuid = {8A58A2A3-90BF-4805-BFCE-883F4F0F0BDE}
	EndGlobalSection
EndGlobal
